<?xml version="1.0" encoding="utf-8"?>
<Project ToolsVersion="16.0" xmlns="http://schemas.microsoft.com/developer/msbuild/2003">
  <ItemGroup>
    <CustomBuild Include="C:\Users\dyabu\Documents\prog2\teme\tema laborator4\pb7\LibrariiC++\CMakeFiles\e6354b6af12f1cbf1bf7844a6d071bbb\INSTALL_force.rule">
      <Filter>CMake Rules</Filter>
    </CustomBuild>
  </ItemGroup>
  <ItemGroup>
    <Filter Include="CMake Rules">
      <UniqueIdentifier>{DEF3B247-3B0A-3010-983E-BF0152D8B2A2}</UniqueIdentifier>
    </Filter>
  </ItemGroup>
</Project>
